
Microsoft Visual Studio Solution File, Format Version 12.00
# Visual Studio 15
VisualStudioVersion = 15.0.26228.9
MinimumVisualStudioVersion = 10.0.40219.1
Project("{2150E333-8FDC-42A3-9474-1A3956D46DE8}") = "Web", "Web", "{27C87227-8316-4117-B75E-B45CF1F906C9}"
EndProject
Project("{2150E333-8FDC-42A3-9474-1A3956D46DE8}") = "Tests", "Tests", "{13F83999-14CA-4FC8-873E-E0729170613A}"
EndProject
Project("{2150E333-8FDC-42A3-9474-1A3956D46DE8}") = "Solution Items", "Solution Items", "{1C5A63BE-04DB-451B-A702-8D7ECB8C25B0}"
	ProjectSection(SolutionItems) = preProject
		global.json = global.json
	EndProjectSection
EndProject
Project("{2150E333-8FDC-42A3-9474-1A3956D46DE8}") = "Data", "Data", "{2141E304-3925-4CE8-9600-33D691191D51}"
EndProject
Project("{2150E333-8FDC-42A3-9474-1A3956D46DE8}") = "Services", "Services", "{EC87F8EE-C699-4752-8B72-EB67B43DCB9C}"
EndProject
Project("{9A19103F-16F7-4668-BE54-9A1E7A4F7556}") = "TPP.Core.Services", "Services\TPP.Core.Services\TPP.Core.Services.csproj", "{F6BCF19F-4A63-4D25-BFFC-D95AF7FE427B}"
EndProject
Project("{9A19103F-16F7-4668-BE54-9A1E7A4F7556}") = "TPP.Core.Data", "Data\TPP.Core.Data\TPP.Core.Data.csproj", "{4288DF7C-EE77-46F7-BC5F-554B41761F8C}"
EndProject
Project("{FAE04EC0-301F-11D3-BF4B-00C04F79EFBC}") = "TPP.Api", "Web\TPP.Web.Api\TPP.Api.csproj", "{21893B18-9166-45DE-80D7-B51F93DC4B2D}"
EndProject
Project("{9A19103F-16F7-4668-BE54-9A1E7A4F7556}") = "TPP.UnitTests", "Tests\TPP.UnitTests\TPP.UnitTests.csproj", "{BFA48FBF-9195-4820-B0B5-1EA9071670D2}"
EndProject
Global
	GlobalSection(SolutionConfigurationPlatforms) = preSolution
		Debug|Any CPU = Debug|Any CPU
		Debug|ARM = Debug|ARM
		Debug|x64 = Debug|x64
		Debug|x86 = Debug|x86
		Release|Any CPU = Release|Any CPU
		Release|ARM = Release|ARM
		Release|x64 = Release|x64
		Release|x86 = Release|x86
	EndGlobalSection
	GlobalSection(ProjectConfigurationPlatforms) = postSolution
		{F6BCF19F-4A63-4D25-BFFC-D95AF7FE427B}.Debug|Any CPU.ActiveCfg = Debug|Any CPU
		{F6BCF19F-4A63-4D25-BFFC-D95AF7FE427B}.Debug|Any CPU.Build.0 = Debug|Any CPU
		{F6BCF19F-4A63-4D25-BFFC-D95AF7FE427B}.Debug|ARM.ActiveCfg = Debug|Any CPU
		{F6BCF19F-4A63-4D25-BFFC-D95AF7FE427B}.Debug|ARM.Build.0 = Debug|Any CPU
		{F6BCF19F-4A63-4D25-BFFC-D95AF7FE427B}.Debug|x64.ActiveCfg = Debug|Any CPU
		{F6BCF19F-4A63-4D25-BFFC-D95AF7FE427B}.Debug|x64.Build.0 = Debug|Any CPU
		{F6BCF19F-4A63-4D25-BFFC-D95AF7FE427B}.Debug|x86.ActiveCfg = Debug|Any CPU
		{F6BCF19F-4A63-4D25-BFFC-D95AF7FE427B}.Debug|x86.Build.0 = Debug|Any CPU
		{F6BCF19F-4A63-4D25-BFFC-D95AF7FE427B}.Release|Any CPU.ActiveCfg = Release|Any CPU
		{F6BCF19F-4A63-4D25-BFFC-D95AF7FE427B}.Release|Any CPU.Build.0 = Release|Any CPU
		{F6BCF19F-4A63-4D25-BFFC-D95AF7FE427B}.Release|ARM.ActiveCfg = Release|Any CPU
		{F6BCF19F-4A63-4D25-BFFC-D95AF7FE427B}.Release|ARM.Build.0 = Release|Any CPU
		{F6BCF19F-4A63-4D25-BFFC-D95AF7FE427B}.Release|x64.ActiveCfg = Release|Any CPU
		{F6BCF19F-4A63-4D25-BFFC-D95AF7FE427B}.Release|x64.Build.0 = Release|Any CPU
		{F6BCF19F-4A63-4D25-BFFC-D95AF7FE427B}.Release|x86.ActiveCfg = Release|Any CPU
		{F6BCF19F-4A63-4D25-BFFC-D95AF7FE427B}.Release|x86.Build.0 = Release|Any CPU
		{4288DF7C-EE77-46F7-BC5F-554B41761F8C}.Debug|Any CPU.ActiveCfg = Debug|Any CPU
		{4288DF7C-EE77-46F7-BC5F-554B41761F8C}.Debug|Any CPU.Build.0 = Debug|Any CPU
		{4288DF7C-EE77-46F7-BC5F-554B41761F8C}.Debug|ARM.ActiveCfg = Debug|Any CPU
		{4288DF7C-EE77-46F7-BC5F-554B41761F8C}.Debug|ARM.Build.0 = Debug|Any CPU
		{4288DF7C-EE77-46F7-BC5F-554B41761F8C}.Debug|x64.ActiveCfg = Debug|Any CPU
		{4288DF7C-EE77-46F7-BC5F-554B41761F8C}.Debug|x64.Build.0 = Debug|Any CPU
		{4288DF7C-EE77-46F7-BC5F-554B41761F8C}.Debug|x86.ActiveCfg = Debug|Any CPU
		{4288DF7C-EE77-46F7-BC5F-554B41761F8C}.Debug|x86.Build.0 = Debug|Any CPU
		{4288DF7C-EE77-46F7-BC5F-554B41761F8C}.Release|Any CPU.ActiveCfg = Release|Any CPU
		{4288DF7C-EE77-46F7-BC5F-554B41761F8C}.Release|Any CPU.Build.0 = Release|Any CPU
		{4288DF7C-EE77-46F7-BC5F-554B41761F8C}.Release|ARM.ActiveCfg = Release|Any CPU
		{4288DF7C-EE77-46F7-BC5F-554B41761F8C}.Release|ARM.Build.0 = Release|Any CPU
		{4288DF7C-EE77-46F7-BC5F-554B41761F8C}.Release|x64.ActiveCfg = Release|Any CPU
		{4288DF7C-EE77-46F7-BC5F-554B41761F8C}.Release|x64.Build.0 = Release|Any CPU
		{4288DF7C-EE77-46F7-BC5F-554B41761F8C}.Release|x86.ActiveCfg = Release|Any CPU
		{4288DF7C-EE77-46F7-BC5F-554B41761F8C}.Release|x86.Build.0 = Release|Any CPU
		{21893B18-9166-45DE-80D7-B51F93DC4B2D}.Debug|Any CPU.ActiveCfg = Debug|Any CPU
		{21893B18-9166-45DE-80D7-B51F93DC4B2D}.Debug|Any CPU.Build.0 = Debug|Any CPU
		{21893B18-9166-45DE-80D7-B51F93DC4B2D}.Debug|ARM.ActiveCfg = Debug|Any CPU
		{21893B18-9166-45DE-80D7-B51F93DC4B2D}.Debug|ARM.Build.0 = Debug|Any CPU
		{21893B18-9166-45DE-80D7-B51F93DC4B2D}.Debug|x64.ActiveCfg = Debug|Any CPU
		{21893B18-9166-45DE-80D7-B51F93DC4B2D}.Debug|x64.Build.0 = Debug|Any CPU
		{21893B18-9166-45DE-80D7-B51F93DC4B2D}.Debug|x86.ActiveCfg = Debug|Any CPU
		{21893B18-9166-45DE-80D7-B51F93DC4B2D}.Debug|x86.Build.0 = Debug|Any CPU
		{21893B18-9166-45DE-80D7-B51F93DC4B2D}.Release|Any CPU.ActiveCfg = Release|Any CPU
		{21893B18-9166-45DE-80D7-B51F93DC4B2D}.Release|Any CPU.Build.0 = Release|Any CPU
		{21893B18-9166-45DE-80D7-B51F93DC4B2D}.Release|ARM.ActiveCfg = Release|Any CPU
		{21893B18-9166-45DE-80D7-B51F93DC4B2D}.Release|ARM.Build.0 = Release|Any CPU
		{21893B18-9166-45DE-80D7-B51F93DC4B2D}.Release|x64.ActiveCfg = Release|Any CPU
		{21893B18-9166-45DE-80D7-B51F93DC4B2D}.Release|x64.Build.0 = Release|Any CPU
		{21893B18-9166-45DE-80D7-B51F93DC4B2D}.Release|x86.ActiveCfg = Release|Any CPU
		{21893B18-9166-45DE-80D7-B51F93DC4B2D}.Release|x86.Build.0 = Release|Any CPU
		{BFA48FBF-9195-4820-B0B5-1EA9071670D2}.Debug|Any CPU.ActiveCfg = Debug|Any CPU
		{BFA48FBF-9195-4820-B0B5-1EA9071670D2}.Debug|Any CPU.Build.0 = Debug|Any CPU
		{BFA48FBF-9195-4820-B0B5-1EA9071670D2}.Debug|ARM.ActiveCfg = Debug|Any CPU
		{BFA48FBF-9195-4820-B0B5-1EA9071670D2}.Debug|ARM.Build.0 = Debug|Any CPU
		{BFA48FBF-9195-4820-B0B5-1EA9071670D2}.Debug|x64.ActiveCfg = Debug|Any CPU
		{BFA48FBF-9195-4820-B0B5-1EA9071670D2}.Debug|x64.Build.0 = Debug|Any CPU
		{BFA48FBF-9195-4820-B0B5-1EA9071670D2}.Debug|x86.ActiveCfg = Debug|Any CPU
		{BFA48FBF-9195-4820-B0B5-1EA9071670D2}.Debug|x86.Build.0 = Debug|Any CPU
		{BFA48FBF-9195-4820-B0B5-1EA9071670D2}.Release|Any CPU.ActiveCfg = Release|Any CPU
		{BFA48FBF-9195-4820-B0B5-1EA9071670D2}.Release|Any CPU.Build.0 = Release|Any CPU
		{BFA48FBF-9195-4820-B0B5-1EA9071670D2}.Release|ARM.ActiveCfg = Release|Any CPU
		{BFA48FBF-9195-4820-B0B5-1EA9071670D2}.Release|ARM.Build.0 = Release|Any CPU
		{BFA48FBF-9195-4820-B0B5-1EA9071670D2}.Release|x64.ActiveCfg = Release|Any CPU
		{BFA48FBF-9195-4820-B0B5-1EA9071670D2}.Release|x64.Build.0 = Release|Any CPU
		{BFA48FBF-9195-4820-B0B5-1EA9071670D2}.Release|x86.ActiveCfg = Release|Any CPU
		{BFA48FBF-9195-4820-B0B5-1EA9071670D2}.Release|x86.Build.0 = Release|Any CPU
	EndGlobalSection
	GlobalSection(SolutionProperties) = preSolution
		HideSolutionNode = FALSE
	EndGlobalSection
	GlobalSection(NestedProjects) = preSolution
		{F6BCF19F-4A63-4D25-BFFC-D95AF7FE427B} = {EC87F8EE-C699-4752-8B72-EB67B43DCB9C}
		{4288DF7C-EE77-46F7-BC5F-554B41761F8C} = {2141E304-3925-4CE8-9600-33D691191D51}
		{21893B18-9166-45DE-80D7-B51F93DC4B2D} = {27C87227-8316-4117-B75E-B45CF1F906C9}
		{BFA48FBF-9195-4820-B0B5-1EA9071670D2} = {13F83999-14CA-4FC8-873E-E0729170613A}
	EndGlobalSection
EndGlobal
